# This file is automatically @generated by Cargo.
# It is not intended for manual editing.
version = 4

[[package]]
name = "libutils"
version = "9.0.0"
dependencies = [
 "libutils-array",
 "libutils-cage",
 "libutils-console",
 "libutils-diff",
 "libutils-issue",
 "libutils-pointer",
 "libutils-report",
 "libutils-terminal",
 "libutils-threat",
]

[[package]]
name = "libutils-array"
version = "0.0.0"
dependencies = [
 "libutils-issue",
]

[[package]]
name = "libutils-cage"
version = "0.0.0"

[[package]]
name = "libutils-console"
version = "0.0.0"
dependencies = [
 "libutils-issue",
 "libutils-threat",
]

[[package]]
name = "libutils-diff"
version = "0.0.0"

[[package]]
name = "libutils-issue"
version = "0.0.0"

[[package]]
name = "libutils-pointer"
version = "0.0.0"

[[package]]
name = "libutils-report"
version = "0.0.0"
dependencies = [
 "libutils-console",
 "libutils-issue",
 "libutils-terminal",
 "libutils-threat",
]

[[package]]
name = "libutils-terminal"
version = "0.0.0"
dependencies = [
 "libutils-cage",
 "libutils-console",
 "libutils-diff",
 "libutils-issue",
 "libutils-threat",
]

[[package]]
name = "libutils-threat"
version = "0.0.0"
dependencies = [
 "libutils-issue",
]
