# This file is automatically @generated by Cargo.
# It is not intended for manual editing.
version = 4

[[package]]
name = "bytediff"
version = "0.0.2"

[[package]]
name = "constrangeiter"
version = "0.0.3"

[[package]]
name = "libutils"
version = "2.4.0"
dependencies = [
 "bytediff",
 "constrangeiter",
 "libutils-array",
 "libutils-cage",
 "libutils-console",
 "libutils-issue",
 "libutils-report",
 "libutils-terminal",
]

[[package]]
name = "libutils-array"
version = "0.5.0"
dependencies = [
 "constrangeiter",
]

[[package]]
name = "libutils-cage"
version = "0.1.0"

[[package]]
name = "libutils-console"
version = "2.1.1"
dependencies = [
 "libutils-issue",
]

[[package]]
name = "libutils-issue"
version = "0.1.4"

[[package]]
name = "libutils-report"
version = "0.2.8"
dependencies = [
 "libutils-console",
 "libutils-issue",
 "libutils-terminal",
]

[[package]]
name = "libutils-terminal"
version = "1.1.1"
dependencies = [
 "bytediff",
 "libutils-cage",
 "libutils-console",
 "libutils-issue",
]
